<?xml version="1.0" encoding="utf-8"?>
<Project ToolsVersion="17.0" xmlns="http://schemas.microsoft.com/developer/msbuild/2003">
  <ItemGroup>
    <ClCompile Include="D:\a\Simple-Bank\Simple-Bank\main.c">
      <Filter>Source Files</Filter>
    </ClCompile>
    <ClCompile Include="D:\a\Simple-Bank\Simple-Bank\BankAccount.c">
      <Filter>Source Files</Filter>
    </ClCompile>
  </ItemGroup>
  <ItemGroup>
    <ClInclude Include="D:\a\Simple-Bank\Simple-Bank\BankAccount.h">
      <Filter>Header Files</Filter>
    </ClInclude>
  </ItemGroup>
  <ItemGroup>
    <CustomBuild Include="D:\a\Simple-Bank\Simple-Bank\CMakeLists.txt" />
  </ItemGroup>
  <ItemGroup>
    <Filter Include="Header Files">
      <UniqueIdentifier>{54737434-8BB9-3E37-8D5C-D029D7BC0093}</UniqueIdentifier>
    </Filter>
    <Filter Include="Source Files">
      <UniqueIdentifier>{27A7B963-B79A-3C5E-A067-B3D5459178BF}</UniqueIdentifier>
    </Filter>
  </ItemGroup>
</Project>
